
Microsoft Visual Studio Solution File, Format Version 12.00
# Visual Studio Version 16
VisualStudioVersion = 16.0.32630.194
MinimumVisualStudioVersion = 10.0.40219.1
Project("{FAE04EC0-301F-11D3-BF4B-00C04F79EFBC}") = "TodoApi", "TodoApi\TodoApi.csproj", "{652785DD-D3DC-41EE-8060-C492FF8FB410}"
EndProject
Global
	GlobalSection(SolutionConfigurationPlatforms) = preSolution
		Debug|Any CPU = Debug|Any CPU
		Release|Any CPU = Release|Any CPU
	EndGlobalSection
	GlobalSection(ProjectConfigurationPlatforms) = postSolution
		{652785DD-D3DC-41EE-8060-C492FF8FB410}.Debug|Any CPU.ActiveCfg = Debug|Any CPU
		{652785DD-D3DC-41EE-8060-C492FF8FB410}.Debug|Any CPU.Build.0 = Debug|Any CPU
		{652785DD-D3DC-41EE-8060-C492FF8FB410}.Release|Any CPU.ActiveCfg = Release|Any CPU
		{652785DD-D3DC-41EE-8060-C492FF8FB410}.Release|Any CPU.Build.0 = Release|Any CPU
	EndGlobalSection
	GlobalSection(SolutionProperties) = preSolution
		HideSolutionNode = FALSE
	EndGlobalSection
	GlobalSection(ExtensibilityGlobals) = postSolution
		SolutionGuid = {111AC775-A383-43F0-8C12-042EC04C01AB}
	EndGlobalSection
EndGlobal
